# This file is automatically @generated by Cargo.
# It is not intended for manual editing.
version = 4

[[package]]
name = "log"
version = "0.4.33"
source = "registry+https://github.com/rust-lang/crates.io-index"
checksum = "0ceec5bc11778974d1bcb055b18002eba7f4b3518b6a0081b3af5f21666da9ad"

[[package]]
name = "wren-analyzer"
version = "0.4.0"
source = "git+https://github.com/FirestormAudio/wren-rs?rev=189765a123a3a194f5982b3a4ec6bf08776fbd70#189765a123a3a194f5982b3a4ec6bf08776fbd70"
dependencies = [
 "wren-syntax",
]

[[package]]
name = "wren-analyzer-wasm"
version = "0.1.0"
dependencies = [
 "wren-analyzer",
 "wren-syntax",
]

[[package]]
name = "wren-syntax"
version = "0.4.0"
source = "git+https://github.com/FirestormAudio/wren-rs?rev=189765a123a3a194f5982b3a4ec6bf08776fbd70#189765a123a3a194f5982b3a4ec6bf08776fbd70"
dependencies = [
 "log",
]
